dependencies:
- name: mattermost-operator-crds
  repository: file://mattermost-operator-crds
  version: 1.25.4
- name: bb-common
  repository: oci://registry1.dso.mil/bigbang
  version: 0.14.1
digest: sha256:621e7267334daf873e707235acbfb791088ac28cd51543e7b8bc63a6ef3cc12e
generated: "2026-02-24T11:44:44.037433-06:00"
